
Microsoft Visual Studio Solution File, Format Version 12.00
# Visual Studio Version 17
VisualStudioVersion = 17.2.32616.157
MinimumVisualStudioVersion = 10.0.40219.1
Project("{FAE04EC0-301F-11D3-BF4B-00C04F79EFBC}") = "Calc_v_2_00", "Calc_v_2_00\Calc_v_2_00.csproj", "{1B186826-2A20-401B-BC45-EF7294D3405C}"
EndProject
Global
	GlobalSection(SolutionConfigurationPlatforms) = preSolution
		Debug|Any CPU = Debug|Any CPU
		Release|Any CPU = Release|Any CPU
	EndGlobalSection
	GlobalSection(ProjectConfigurationPlatforms) = postSolution
		{1B186826-2A20-401B-BC45-EF7294D3405C}.Debug|Any CPU.ActiveCfg = Debug|Any CPU
		{1B186826-2A20-401B-BC45-EF7294D3405C}.Debug|Any CPU.Build.0 = Debug|Any CPU
		{1B186826-2A20-401B-BC45-EF7294D3405C}.Release|Any CPU.ActiveCfg = Release|Any CPU
		{1B186826-2A20-401B-BC45-EF7294D3405C}.Release|Any CPU.Build.0 = Release|Any CPU
	EndGlobalSection
	GlobalSection(SolutionProperties) = preSolution
		HideSolutionNode = FALSE
	EndGlobalSection
	GlobalSection(ExtensibilityGlobals) = postSolution
		SolutionGuid = {A93A6030-4BE3-4539-8E75-751556115057}
	EndGlobalSection
EndGlobal
