
Microsoft Visual Studio Solution File, Format Version 12.00
# Visual Studio Version 17
VisualStudioVersion = 17.2.32616.157
MinimumVisualStudioVersion = 10.0.40219.1
Project("{FAE04EC0-301F-11D3-BF4B-00C04F79EFBC}") = "Homework3", "Homework3\Homework3.csproj", "{E93892A5-D57F-46D2-867E-32D1ED6BA8C5}"
EndProject
Global
	GlobalSection(SolutionConfigurationPlatforms) = preSolution
		Debug|Any CPU = Debug|Any CPU
		Release|Any CPU = Release|Any CPU
	EndGlobalSection
	GlobalSection(ProjectConfigurationPlatforms) = postSolution
		{E93892A5-D57F-46D2-867E-32D1ED6BA8C5}.Debug|Any CPU.ActiveCfg = Debug|Any CPU
		{E93892A5-D57F-46D2-867E-32D1ED6BA8C5}.Debug|Any CPU.Build.0 = Debug|Any CPU
		{E93892A5-D57F-46D2-867E-32D1ED6BA8C5}.Release|Any CPU.ActiveCfg = Release|Any CPU
		{E93892A5-D57F-46D2-867E-32D1ED6BA8C5}.Release|Any CPU.Build.0 = Release|Any CPU
	EndGlobalSection
	GlobalSection(SolutionProperties) = preSolution
		HideSolutionNode = FALSE
	EndGlobalSection
	GlobalSection(ExtensibilityGlobals) = postSolution
		SolutionGuid = {191811A8-39EF-4B40-B292-6D8881A202E5}
	EndGlobalSection
EndGlobal
